{
  "name": "tools",
  "lockfileVersion": 3,
  "requires": true,
  "packages": {
    "": {
      "dependencies": {
        "@adobe/leonardo-contrast-colors": "1.1.0",
        "culori": "4.0.2"
      }
    },
    "node_modules/@adobe/leonardo-contrast-colors": {
      "version": "1.1.0",
      "resolved": "https://registry.npmjs.org/@adobe/leonardo-contrast-colors/-/leonardo-contrast-colors-1.1.0.tgz",
      "integrity": "sha512-URFR8vNgNsE/rnXqljVrx6OyZV3nQXTfbDDWZwTUYfOkmBr9hRB7ENK8f7pT7gHDjSuCf2bjJ227u4PUHUXHHg==",
      "license": "Apache-2.0",
      "dependencies": {
        "apca-w3": "^0.1.9",
        "chroma-js": "^3.2.0",
        "ciebase": "^0.1.1",
        "ciecam02": "^0.4.6",
        "hsluv": "^1.0.1"
      }
    },
    "node_modules/apca-w3": {
      "version": "0.1.9",
      "resolved": "https://registry.npmjs.org/apca-w3/-/apca-w3-0.1.9.tgz",
      "integrity": "sha512-Zrf6AeBeQjNe/fxK7U1jCo5zfdjDl6T4/kdw5Xlky3G7u+EJTZkyItjMYQGtwf9pkftsINxcYyOpuLkzKf1ITQ==",
      "license": "Limited W3 License",
      "dependencies": {
        "colorparsley": "^0.1.8"
      }
    },
    "node_modules/chroma-js": {
      "version": "3.2.0",
      "resolved": "https://registry.npmjs.org/chroma-js/-/chroma-js-3.2.0.tgz",
      "integrity": "sha512-os/OippSlX1RlWWr+QDPcGUZs0uoqr32urfxESG9U93lhUfbnlyckte84Q8P1UQY/qth983AS1JONKmLS4T0nw==",
      "license": "(BSD-3-Clause AND Apache-2.0)"
    },
    "node_modules/ciebase": {
      "version": "0.1.1",
      "resolved": "https://registry.npmjs.org/ciebase/-/ciebase-0.1.1.tgz",
      "integrity": "sha512-KEnf/WVT5E+Gn+LsfMHGJFATltSOeW0qm7dpzQYL/Qe5PEpyTM+UI5bMoBo16FE81zMpu+U6032USTP6Cz1XNA==",
      "license": "BSD-2-Clause",
      "dependencies": {
        "mout": "^0.11.1"
      }
    },
    "node_modules/ciecam02": {
      "version": "0.4.6",
      "resolved": "https://registry.npmjs.org/ciecam02/-/ciecam02-0.4.6.tgz",
      "integrity": "sha512-nh/Kl8s5lgtyEl7lA381JFinLhgUwDhJaAVgbVx2BaiiJIzJLumQvuFXwdS76tSch7jDjWejP+MtKYCCEk/brg==",
      "license": "BSD-2-Clause",
      "dependencies": {
        "ciebase": "^0.1.1",
        "mout": "^0.11.1"
      }
    },
    "node_modules/colorparsley": {
      "version": "0.1.8",
      "resolved": "https://registry.npmjs.org/colorparsley/-/colorparsley-0.1.8.tgz",
      "integrity": "sha512-rObESTTTE6G5qO5WFwFxWPggpw4KfpxnLC6Ssl8bITBnNVRhDsyCeTRAUxWQNVTx2pRknKlO2nddYTxjkdNFaw==",
      "license": "AGPL v3"
    },
    "node_modules/culori": {
      "version": "4.0.2",
      "resolved": "https://registry.npmjs.org/culori/-/culori-4.0.2.tgz",
      "integrity": "sha512-1+BhOB8ahCn4O0cep0Sh2l9KCOfOdY+BXJnKMHFFzDEouSr/el18QwXEMRlOj9UY5nCeA8UN3a/82rUWRBeyBw==",
      "license": "MIT",
      "engines": {
        "node": "^12.20.0 || ^14.13.1 || >=16.0.0"
      }
    },
    "node_modules/hsluv": {
      "version": "1.0.2",
      "resolved": "https://registry.npmjs.org/hsluv/-/hsluv-1.0.2.tgz",
      "integrity": "sha512-HTYvUWwnkH63bzIWEz0wek//GCqSRv6Tqeo9RWhEvra3dVsjiPVIvPYZs7/LbCkEuR03lfJvqRyCSI5HXAMpqA==",
      "license": "MIT"
    },
    "node_modules/mout": {
      "version": "0.11.1",
      "resolved": "https://registry.npmjs.org/mout/-/mout-0.11.1.tgz",
      "integrity": "sha512-pK9VNiLE3QgGBrC/3ICAscwOLU7oTNeK2l32uqNAioBYtB2tQAfSsGDNChUlk7CP23126mc5lUt6+na9FlN8JA==",
      "license": "MIT"
    }
  }
}
